
Microsoft Visual Studio Solution File, Format Version 11.00
# Visual Studio 2010
Project("{FAE04EC0-301F-11D3-BF4B-00C04F79EFBC}") = "SerwerRemoting", "SerwerRemoting\SerwerRemoting.csproj", "{4FA13FCB-0EDF-4D40-8674-01C6440ECCAA}"
EndProject
Global
	GlobalSection(SolutionConfigurationPlatforms) = preSolution
		Debug|x86 = Debug|x86
		Release|x86 = Release|x86
	EndGlobalSection
	GlobalSection(ProjectConfigurationPlatforms) = postSolution
		{4FA13FCB-0EDF-4D40-8674-01C6440ECCAA}.Debug|x86.ActiveCfg = Debug|x86
		{4FA13FCB-0EDF-4D40-8674-01C6440ECCAA}.Debug|x86.Build.0 = Debug|x86
		{4FA13FCB-0EDF-4D40-8674-01C6440ECCAA}.Release|x86.ActiveCfg = Release|x86
		{4FA13FCB-0EDF-4D40-8674-01C6440ECCAA}.Release|x86.Build.0 = Release|x86
	EndGlobalSection
	GlobalSection(SolutionProperties) = preSolution
		HideSolutionNode = FALSE
	EndGlobalSection
EndGlobal
